
Microsoft Visual Studio Solution File, Format Version 12.00
# Visual Studio Version 17
VisualStudioVersion = 17.0.31903.59
MinimumVisualStudioVersion = 10.0.40219.1
Project("{2150E333-8FDC-42A3-9474-1A3956D46DE8}") = "src", "src", "{827E0CD3-B72D-47B6-A68D-7590B98EB39B}"
EndProject
Project("{FAE04EC0-301F-11D3-BF4B-00C04F79EFBC}") = "NexOps.Core", "src\NexOps.Core\NexOps.Core.csproj", "{355DE4F7-7A42-48E6-BE81-3381DBD8E4BB}"
EndProject
Project("{FAE04EC0-301F-11D3-BF4B-00C04F79EFBC}") = "NexOps.UI", "src\NexOps.UI\NexOps.UI.csproj", "{47916CE8-5A5F-4CAA-B7DB-4284FF5DB3E6}"
EndProject
Global
	GlobalSection(SolutionConfigurationPlatforms) = preSolution
		Debug|Any CPU = Debug|Any CPU
		Debug|x64 = Debug|x64
		Debug|x86 = Debug|x86
		Release|Any CPU = Release|Any CPU
		Release|x64 = Release|x64
		Release|x86 = Release|x86
	EndGlobalSection
	GlobalSection(ProjectConfigurationPlatforms) = postSolution
		{355DE4F7-7A42-48E6-BE81-3381DBD8E4BB}.Debug|Any CPU.ActiveCfg = Debug|Any CPU
		{355DE4F7-7A42-48E6-BE81-3381DBD8E4BB}.Debug|Any CPU.Build.0 = Debug|Any CPU
		{355DE4F7-7A42-48E6-BE81-3381DBD8E4BB}.Debug|x64.ActiveCfg = Debug|Any CPU
		{355DE4F7-7A42-48E6-BE81-3381DBD8E4BB}.Debug|x64.Build.0 = Debug|Any CPU
		{355DE4F7-7A42-48E6-BE81-3381DBD8E4BB}.Debug|x86.ActiveCfg = Debug|Any CPU
		{355DE4F7-7A42-48E6-BE81-3381DBD8E4BB}.Debug|x86.Build.0 = Debug|Any CPU
		{355DE4F7-7A42-48E6-BE81-3381DBD8E4BB}.Release|Any CPU.ActiveCfg = Release|Any CPU
		{355DE4F7-7A42-48E6-BE81-3381DBD8E4BB}.Release|Any CPU.Build.0 = Release|Any CPU
		{355DE4F7-7A42-48E6-BE81-3381DBD8E4BB}.Release|x64.ActiveCfg = Release|Any CPU
		{355DE4F7-7A42-48E6-BE81-3381DBD8E4BB}.Release|x64.Build.0 = Release|Any CPU
		{355DE4F7-7A42-48E6-BE81-3381DBD8E4BB}.Release|x86.ActiveCfg = Release|Any CPU
		{355DE4F7-7A42-48E6-BE81-3381DBD8E4BB}.Release|x86.Build.0 = Release|Any CPU
		{47916CE8-5A5F-4CAA-B7DB-4284FF5DB3E6}.Debug|Any CPU.ActiveCfg = Debug|Any CPU
		{47916CE8-5A5F-4CAA-B7DB-4284FF5DB3E6}.Debug|Any CPU.Build.0 = Debug|Any CPU
		{47916CE8-5A5F-4CAA-B7DB-4284FF5DB3E6}.Debug|x64.ActiveCfg = Debug|Any CPU
		{47916CE8-5A5F-4CAA-B7DB-4284FF5DB3E6}.Debug|x64.Build.0 = Debug|Any CPU
		{47916CE8-5A5F-4CAA-B7DB-4284FF5DB3E6}.Debug|x86.ActiveCfg = Debug|Any CPU
		{47916CE8-5A5F-4CAA-B7DB-4284FF5DB3E6}.Debug|x86.Build.0 = Debug|Any CPU
		{47916CE8-5A5F-4CAA-B7DB-4284FF5DB3E6}.Release|Any CPU.ActiveCfg = Release|Any CPU
		{47916CE8-5A5F-4CAA-B7DB-4284FF5DB3E6}.Release|Any CPU.Build.0 = Release|Any CPU
		{47916CE8-5A5F-4CAA-B7DB-4284FF5DB3E6}.Release|x64.ActiveCfg = Release|Any CPU
		{47916CE8-5A5F-4CAA-B7DB-4284FF5DB3E6}.Release|x64.Build.0 = Release|Any CPU
		{47916CE8-5A5F-4CAA-B7DB-4284FF5DB3E6}.Release|x86.ActiveCfg = Release|Any CPU
		{47916CE8-5A5F-4CAA-B7DB-4284FF5DB3E6}.Release|x86.Build.0 = Release|Any CPU
	EndGlobalSection
	GlobalSection(SolutionProperties) = preSolution
		HideSolutionNode = FALSE
	EndGlobalSection
	GlobalSection(NestedProjects) = preSolution
		{355DE4F7-7A42-48E6-BE81-3381DBD8E4BB} = {827E0CD3-B72D-47B6-A68D-7590B98EB39B}
		{47916CE8-5A5F-4CAA-B7DB-4284FF5DB3E6} = {827E0CD3-B72D-47B6-A68D-7590B98EB39B}
	EndGlobalSection
EndGlobal
